
Microsoft Visual Studio Solution File, Format Version 12.00
# Visual Studio Version 16
VisualStudioVersion = 16.0.30621.155
MinimumVisualStudioVersion = 10.0.40219.1
Project("{FAE04EC0-301F-11D3-BF4B-00C04F79EFBC}") = "Kerberos_Client", "Kerberos_Client\Kerberos_Client.csproj", "{8656C45A-B63F-4FA7-BD62-E09948ABD565}"
EndProject
Global
	GlobalSection(SolutionConfigurationPlatforms) = preSolution
		Debug|Any CPU = Debug|Any CPU
		Release|Any CPU = Release|Any CPU
	EndGlobalSection
	GlobalSection(ProjectConfigurationPlatforms) = postSolution
		{8656C45A-B63F-4FA7-BD62-E09948ABD565}.Debug|Any CPU.ActiveCfg = Debug|Any CPU
		{8656C45A-B63F-4FA7-BD62-E09948ABD565}.Debug|Any CPU.Build.0 = Debug|Any CPU
		{8656C45A-B63F-4FA7-BD62-E09948ABD565}.Release|Any CPU.ActiveCfg = Release|Any CPU
		{8656C45A-B63F-4FA7-BD62-E09948ABD565}.Release|Any CPU.Build.0 = Release|Any CPU
	EndGlobalSection
	GlobalSection(SolutionProperties) = preSolution
		HideSolutionNode = FALSE
	EndGlobalSection
	GlobalSection(ExtensibilityGlobals) = postSolution
		SolutionGuid = {61591FEC-A3A5-4CFA-961E-22A3683FA5FF}
	EndGlobalSection
EndGlobal
