
Microsoft Visual Studio Solution File, Format Version 12.00
# Visual Studio Version 16
VisualStudioVersion = 16.0.30621.155
MinimumVisualStudioVersion = 10.0.40219.1
Project("{FAE04EC0-301F-11D3-BF4B-00C04F79EFBC}") = "WpfApp1", "WpfApp1\WpfApp1.csproj", "{5DEEB43E-F4EC-441C-87DC-1B6CB008475A}"
EndProject
Global
	GlobalSection(SolutionConfigurationPlatforms) = preSolution
		Debug|Any CPU = Debug|Any CPU
		Release|Any CPU = Release|Any CPU
	EndGlobalSection
	GlobalSection(ProjectConfigurationPlatforms) = postSolution
		{5DEEB43E-F4EC-441C-87DC-1B6CB008475A}.Debug|Any CPU.ActiveCfg = Debug|Any CPU
		{5DEEB43E-F4EC-441C-87DC-1B6CB008475A}.Debug|Any CPU.Build.0 = Debug|Any CPU
		{5DEEB43E-F4EC-441C-87DC-1B6CB008475A}.Release|Any CPU.ActiveCfg = Release|Any CPU
		{5DEEB43E-F4EC-441C-87DC-1B6CB008475A}.Release|Any CPU.Build.0 = Release|Any CPU
	EndGlobalSection
	GlobalSection(SolutionProperties) = preSolution
		HideSolutionNode = FALSE
	EndGlobalSection
	GlobalSection(ExtensibilityGlobals) = postSolution
		SolutionGuid = {AE4066FE-D4E7-4500-803F-98C8CBE91943}
	EndGlobalSection
EndGlobal
