
Microsoft Visual Studio Solution File, Format Version 12.00
# Visual Studio Version 16
VisualStudioVersion = 16.0.30621.155
MinimumVisualStudioVersion = 10.0.40219.1
Project("{FAE04EC0-301F-11D3-BF4B-00C04F79EFBC}") = "Client test", "Client test\Client test.csproj", "{A25AF50F-E03B-4AD7-991B-FDB904EB1D99}"
EndProject
Global
	GlobalSection(SolutionConfigurationPlatforms) = preSolution
		Debug|Any CPU = Debug|Any CPU
		Release|Any CPU = Release|Any CPU
	EndGlobalSection
	GlobalSection(ProjectConfigurationPlatforms) = postSolution
		{A25AF50F-E03B-4AD7-991B-FDB904EB1D99}.Debug|Any CPU.ActiveCfg = Debug|Any CPU
		{A25AF50F-E03B-4AD7-991B-FDB904EB1D99}.Debug|Any CPU.Build.0 = Debug|Any CPU
		{A25AF50F-E03B-4AD7-991B-FDB904EB1D99}.Release|Any CPU.ActiveCfg = Release|Any CPU
		{A25AF50F-E03B-4AD7-991B-FDB904EB1D99}.Release|Any CPU.Build.0 = Release|Any CPU
	EndGlobalSection
	GlobalSection(SolutionProperties) = preSolution
		HideSolutionNode = FALSE
	EndGlobalSection
	GlobalSection(ExtensibilityGlobals) = postSolution
		SolutionGuid = {EA279FD6-2B62-4954-BC85-22FE8C111F7F}
	EndGlobalSection
EndGlobal
